
Microsoft Visual Studio Solution File, Format Version 12.00
# Visual Studio Version 16
VisualStudioVersion = 16.0.30907.101
MinimumVisualStudioVersion = 10.0.40219.1
Project("{FAE04EC0-301F-11D3-BF4B-00C04F79EFBC}") = "FigureDrawing", "FigureDrawing\FigureDrawing.csproj", "{5674CA12-B8A4-4B46-B2B6-C84B301470DA}"
EndProject
Global
	GlobalSection(SolutionConfigurationPlatforms) = preSolution
		Debug|Any CPU = Debug|Any CPU
		Release|Any CPU = Release|Any CPU
	EndGlobalSection
	GlobalSection(ProjectConfigurationPlatforms) = postSolution
		{5674CA12-B8A4-4B46-B2B6-C84B301470DA}.Debug|Any CPU.ActiveCfg = Debug|Any CPU
		{5674CA12-B8A4-4B46-B2B6-C84B301470DA}.Debug|Any CPU.Build.0 = Debug|Any CPU
		{5674CA12-B8A4-4B46-B2B6-C84B301470DA}.Release|Any CPU.ActiveCfg = Release|Any CPU
		{5674CA12-B8A4-4B46-B2B6-C84B301470DA}.Release|Any CPU.Build.0 = Release|Any CPU
	EndGlobalSection
	GlobalSection(SolutionProperties) = preSolution
		HideSolutionNode = FALSE
	EndGlobalSection
	GlobalSection(ExtensibilityGlobals) = postSolution
		SolutionGuid = {4F3896A1-BB20-4044-807D-BE30756C8D52}
	EndGlobalSection
EndGlobal
